
Microsoft Visual Studio Solution File, Format Version 12.00
# Visual Studio Version 17
VisualStudioVersion = 17.7.34221.43
MinimumVisualStudioVersion = 10.0.40219.1
Project("{FAE04EC0-301F-11D3-BF4B-00C04F79EFBC}") = "ParallelProj", "ParallelProj\ParallelProj.csproj", "{03B0CDE0-C34F-4BFA-A6F9-B21A94931CE8}"
EndProject
Global
	GlobalSection(SolutionConfigurationPlatforms) = preSolution
		Debug|Any CPU = Debug|Any CPU
		Release|Any CPU = Release|Any CPU
	EndGlobalSection
	GlobalSection(ProjectConfigurationPlatforms) = postSolution
		{03B0CDE0-C34F-4BFA-A6F9-B21A94931CE8}.Debug|Any CPU.ActiveCfg = Debug|Any CPU
		{03B0CDE0-C34F-4BFA-A6F9-B21A94931CE8}.Debug|Any CPU.Build.0 = Debug|Any CPU
		{03B0CDE0-C34F-4BFA-A6F9-B21A94931CE8}.Release|Any CPU.ActiveCfg = Release|Any CPU
		{03B0CDE0-C34F-4BFA-A6F9-B21A94931CE8}.Release|Any CPU.Build.0 = Release|Any CPU
	EndGlobalSection
	GlobalSection(SolutionProperties) = preSolution
		HideSolutionNode = FALSE
	EndGlobalSection
	GlobalSection(ExtensibilityGlobals) = postSolution
		SolutionGuid = {FB000A04-7512-4898-82C0-C3E35D648482}
	EndGlobalSection
EndGlobal
